
Microsoft Visual Studio Solution File, Format Version 12.00
# Visual Studio Version 17
VisualStudioVersion = 17.0.31903.59
MinimumVisualStudioVersion = 10.0.40219.1
Project("{9A19103F-16F7-4668-BE54-9A1E7A4F7556}") = "ForeningsPortalen.Api", "ForeningsPortalen.Api\ForeningsPortalen.Api.csproj", "{1543A3F1-1D5E-42AB-A49A-EB35E84F944F}"
EndProject
Project("{9A19103F-16F7-4668-BE54-9A1E7A4F7556}") = "ForeningsPortalen.Application", "ForeningsPortalen.Application\ForeningsPortalen.Application.csproj", "{1103A1EE-AB28-4473-9E79-0E1EEFD6044B}"
EndProject
Project("{9A19103F-16F7-4668-BE54-9A1E7A4F7556}") = "ForeningsPortalen.Domain", "ForeningsPortalen.Domain\ForeningsPortalen.Domain.csproj", "{FB44ED9E-1871-4FFB-995E-6DE5558EE261}"
EndProject
Project("{9A19103F-16F7-4668-BE54-9A1E7A4F7556}") = "ForeningsPortalen.Domain.Test", "ForeningsPortalen.Domain.Test\ForeningsPortalen.Domain.Test.csproj", "{202E86EE-AC3E-41FE-BABB-290FFDBB9781}"
EndProject
Project("{9A19103F-16F7-4668-BE54-9A1E7A4F7556}") = "ForeningsPortalen.Infrastructure", "ForeningsPortalen.Infrastructure\ForeningsPortalen.Infrastructure.csproj", "{661C35CE-262C-4107-9602-A74956284E73}"
EndProject
Project("{9A19103F-16F7-4668-BE54-9A1E7A4F7556}") = "ForeningsPortalen.DatabaseMigration", "ForeningsPortalen.DatabaseMigration\ForeningsPortalen.DatabaseMigration.csproj", "{8743EE2E-4828-4456-A5E3-5682F3344D27}"
EndProject
Project("{2150E333-8FDC-42A3-9474-1A3956D46DE8}") = "Backend", "Backend", "{ADF7238D-4A71-4A7E-9691-3B6EE167F5AF}"
EndProject
Project("{2150E333-8FDC-42A3-9474-1A3956D46DE8}") = "Frontend", "Frontend", "{83F54123-F0E1-4958-AECC-C9A91099C8A6}"
EndProject
Project("{9A19103F-16F7-4668-BE54-9A1E7A4F7556}") = "ForeningsPortalen.Website", "ForeningsPortalen.Website\ForeningsPortalen.Website\ForeningsPortalen.Website.csproj", "{571C978A-9077-4EC7-BFC8-71828C737BDF}"
EndProject
Project("{FAE04EC0-301F-11D3-BF4B-00C04F79EFBC}") = "ForeningsPortalen.Crosscut", "ForeningsPortalen.Crosscut\ForeningsPortalen.Crosscut.csproj", "{410C4028-CC37-4AE2-86B7-10C6D25513DA}"
EndProject
Global
	GlobalSection(SolutionConfigurationPlatforms) = preSolution
		Debug|Any CPU = Debug|Any CPU
		Release|Any CPU = Release|Any CPU
	EndGlobalSection
	GlobalSection(ProjectConfigurationPlatforms) = postSolution
		{1543A3F1-1D5E-42AB-A49A-EB35E84F944F}.Debug|Any CPU.ActiveCfg = Debug|Any CPU
		{1543A3F1-1D5E-42AB-A49A-EB35E84F944F}.Debug|Any CPU.Build.0 = Debug|Any CPU
		{1543A3F1-1D5E-42AB-A49A-EB35E84F944F}.Release|Any CPU.ActiveCfg = Release|Any CPU
		{1543A3F1-1D5E-42AB-A49A-EB35E84F944F}.Release|Any CPU.Build.0 = Release|Any CPU
		{1103A1EE-AB28-4473-9E79-0E1EEFD6044B}.Debug|Any CPU.ActiveCfg = Debug|Any CPU
		{1103A1EE-AB28-4473-9E79-0E1EEFD6044B}.Debug|Any CPU.Build.0 = Debug|Any CPU
		{1103A1EE-AB28-4473-9E79-0E1EEFD6044B}.Release|Any CPU.ActiveCfg = Release|Any CPU
		{1103A1EE-AB28-4473-9E79-0E1EEFD6044B}.Release|Any CPU.Build.0 = Release|Any CPU
		{FB44ED9E-1871-4FFB-995E-6DE5558EE261}.Debug|Any CPU.ActiveCfg = Debug|Any CPU
		{FB44ED9E-1871-4FFB-995E-6DE5558EE261}.Debug|Any CPU.Build.0 = Debug|Any CPU
		{FB44ED9E-1871-4FFB-995E-6DE5558EE261}.Release|Any CPU.ActiveCfg = Release|Any CPU
		{FB44ED9E-1871-4FFB-995E-6DE5558EE261}.Release|Any CPU.Build.0 = Release|Any CPU
		{202E86EE-AC3E-41FE-BABB-290FFDBB9781}.Debug|Any CPU.ActiveCfg = Debug|Any CPU
		{202E86EE-AC3E-41FE-BABB-290FFDBB9781}.Debug|Any CPU.Build.0 = Debug|Any CPU
		{202E86EE-AC3E-41FE-BABB-290FFDBB9781}.Release|Any CPU.ActiveCfg = Release|Any CPU
		{202E86EE-AC3E-41FE-BABB-290FFDBB9781}.Release|Any CPU.Build.0 = Release|Any CPU
		{661C35CE-262C-4107-9602-A74956284E73}.Debug|Any CPU.ActiveCfg = Debug|Any CPU
		{661C35CE-262C-4107-9602-A74956284E73}.Debug|Any CPU.Build.0 = Debug|Any CPU
		{661C35CE-262C-4107-9602-A74956284E73}.Release|Any CPU.ActiveCfg = Release|Any CPU
		{661C35CE-262C-4107-9602-A74956284E73}.Release|Any CPU.Build.0 = Release|Any CPU
		{8743EE2E-4828-4456-A5E3-5682F3344D27}.Debug|Any CPU.ActiveCfg = Debug|Any CPU
		{8743EE2E-4828-4456-A5E3-5682F3344D27}.Debug|Any CPU.Build.0 = Debug|Any CPU
		{8743EE2E-4828-4456-A5E3-5682F3344D27}.Release|Any CPU.ActiveCfg = Release|Any CPU
		{8743EE2E-4828-4456-A5E3-5682F3344D27}.Release|Any CPU.Build.0 = Release|Any CPU
		{571C978A-9077-4EC7-BFC8-71828C737BDF}.Debug|Any CPU.ActiveCfg = Debug|Any CPU
		{571C978A-9077-4EC7-BFC8-71828C737BDF}.Debug|Any CPU.Build.0 = Debug|Any CPU
		{571C978A-9077-4EC7-BFC8-71828C737BDF}.Release|Any CPU.ActiveCfg = Release|Any CPU
		{571C978A-9077-4EC7-BFC8-71828C737BDF}.Release|Any CPU.Build.0 = Release|Any CPU
		{410C4028-CC37-4AE2-86B7-10C6D25513DA}.Debug|Any CPU.ActiveCfg = Debug|Any CPU
		{410C4028-CC37-4AE2-86B7-10C6D25513DA}.Debug|Any CPU.Build.0 = Debug|Any CPU
		{410C4028-CC37-4AE2-86B7-10C6D25513DA}.Release|Any CPU.ActiveCfg = Release|Any CPU
		{410C4028-CC37-4AE2-86B7-10C6D25513DA}.Release|Any CPU.Build.0 = Release|Any CPU
	EndGlobalSection
	GlobalSection(SolutionProperties) = preSolution
		HideSolutionNode = FALSE
	EndGlobalSection
	GlobalSection(NestedProjects) = preSolution
		{1543A3F1-1D5E-42AB-A49A-EB35E84F944F} = {ADF7238D-4A71-4A7E-9691-3B6EE167F5AF}
		{1103A1EE-AB28-4473-9E79-0E1EEFD6044B} = {ADF7238D-4A71-4A7E-9691-3B6EE167F5AF}
		{FB44ED9E-1871-4FFB-995E-6DE5558EE261} = {ADF7238D-4A71-4A7E-9691-3B6EE167F5AF}
		{202E86EE-AC3E-41FE-BABB-290FFDBB9781} = {ADF7238D-4A71-4A7E-9691-3B6EE167F5AF}
		{661C35CE-262C-4107-9602-A74956284E73} = {ADF7238D-4A71-4A7E-9691-3B6EE167F5AF}
		{8743EE2E-4828-4456-A5E3-5682F3344D27} = {ADF7238D-4A71-4A7E-9691-3B6EE167F5AF}
		{410C4028-CC37-4AE2-86B7-10C6D25513DA} = {ADF7238D-4A71-4A7E-9691-3B6EE167F5AF}
	EndGlobalSection
	GlobalSection(ExtensibilityGlobals) = postSolution
		SolutionGuid = {8EE986B4-3923-4670-983C-074948B173A1}
	EndGlobalSection
EndGlobal
