
Microsoft Visual Studio Solution File, Format Version 12.00
# Visual Studio Version 17
VisualStudioVersion = 17.9.34902.65
MinimumVisualStudioVersion = 10.0.40219.1
Project("{9A19103F-16F7-4668-BE54-9A1E7A4F7556}") = "ForeningsPortalen.WebApp", "ForeningsPortalen.WebApp.csproj", "{EF80F6F1-CB06-405B-AAB2-2AD7315CA5AF}"
EndProject
Global
	GlobalSection(SolutionConfigurationPlatforms) = preSolution
		Debug|Any CPU = Debug|Any CPU
		Release|Any CPU = Release|Any CPU
	EndGlobalSection
	GlobalSection(ProjectConfigurationPlatforms) = postSolution
		{EF80F6F1-CB06-405B-AAB2-2AD7315CA5AF}.Debug|Any CPU.ActiveCfg = Debug|Any CPU
		{EF80F6F1-CB06-405B-AAB2-2AD7315CA5AF}.Debug|Any CPU.Build.0 = Debug|Any CPU
		{EF80F6F1-CB06-405B-AAB2-2AD7315CA5AF}.Release|Any CPU.ActiveCfg = Release|Any CPU
		{EF80F6F1-CB06-405B-AAB2-2AD7315CA5AF}.Release|Any CPU.Build.0 = Release|Any CPU
	EndGlobalSection
	GlobalSection(SolutionProperties) = preSolution
		HideSolutionNode = FALSE
	EndGlobalSection
	GlobalSection(ExtensibilityGlobals) = postSolution
		SolutionGuid = {D118242D-37B0-4488-87F1-DDD85F7CD985}
	EndGlobalSection
EndGlobal
