
Microsoft Visual Studio Solution File, Format Version 12.00
# Visual Studio Version 17
VisualStudioVersion = 17.10.34825.169
MinimumVisualStudioVersion = 10.0.40219.1
Project("{9A19103F-16F7-4668-BE54-9A1E7A4F7556}") = "ForeningsPortalen.Website", "ForeningsPortalen.Website\ForeningsPortalen.Website.csproj", "{56EA5A9C-420F-44C9-8860-FB218C0D1AE5}"
EndProject
Global
	GlobalSection(SolutionConfigurationPlatforms) = preSolution
		Debug|Any CPU = Debug|Any CPU
		Release|Any CPU = Release|Any CPU
	EndGlobalSection
	GlobalSection(ProjectConfigurationPlatforms) = postSolution
		{56EA5A9C-420F-44C9-8860-FB218C0D1AE5}.Debug|Any CPU.ActiveCfg = Debug|Any CPU
		{56EA5A9C-420F-44C9-8860-FB218C0D1AE5}.Debug|Any CPU.Build.0 = Debug|Any CPU
		{56EA5A9C-420F-44C9-8860-FB218C0D1AE5}.Release|Any CPU.ActiveCfg = Release|Any CPU
		{56EA5A9C-420F-44C9-8860-FB218C0D1AE5}.Release|Any CPU.Build.0 = Release|Any CPU
	EndGlobalSection
	GlobalSection(SolutionProperties) = preSolution
		HideSolutionNode = FALSE
	EndGlobalSection
	GlobalSection(ExtensibilityGlobals) = postSolution
		SolutionGuid = {524E2E1D-0D0D-4E0A-B09D-ED020B93607E}
	EndGlobalSection
EndGlobal
